
Microsoft Visual Studio Solution File, Format Version 12.00
# Visual Studio Version 17
VisualStudioVersion = 17.9.34728.123
MinimumVisualStudioVersion = 10.0.40219.1
Project("{8BC9CEB8-8B4A-11D0-8D11-00A0C91BC942}") = "24A_MT3_Miscellaneous", "24A_MT3_Miscellaneous.vcxproj", "{AB9DB0A1-BE89-4229-9D61-C97765CA3E0D}"
EndProject
Project("{2150E333-8FDC-42A3-9474-1A3956D46DE8}") = "ソリューション項目", "ソリューション項目", "{F6C412A8-C1F5-4CA2-A6A5-D82CF279BD12}"
	ProjectSection(SolutionItems) = preProject
		.editorconfig = .editorconfig
	EndProjectSection
EndProject
Global
	GlobalSection(SolutionConfigurationPlatforms) = preSolution
		Debug|x64 = Debug|x64
		Release|x64 = Release|x64
	EndGlobalSection
	GlobalSection(ProjectConfigurationPlatforms) = postSolution
		{AB9DB0A1-BE89-4229-9D61-C97765CA3E0D}.Debug|x64.ActiveCfg = Debug|x64
		{AB9DB0A1-BE89-4229-9D61-C97765CA3E0D}.Debug|x64.Build.0 = Debug|x64
		{AB9DB0A1-BE89-4229-9D61-C97765CA3E0D}.Release|x64.ActiveCfg = Release|x64
		{AB9DB0A1-BE89-4229-9D61-C97765CA3E0D}.Release|x64.Build.0 = Release|x64
	EndGlobalSection
	GlobalSection(SolutionProperties) = preSolution
		HideSolutionNode = FALSE
	EndGlobalSection
	GlobalSection(ExtensibilityGlobals) = postSolution
		SolutionGuid = {178DD4C8-660B-47B2-8826-9BD887F37AD0}
	EndGlobalSection
EndGlobal
